// !$*UTF8*$!
{
	archiveVersion = 1;
	classes = {
	};
	objectVersion = 46;
	objects = {

/* Begin PBXBuildFile section */
		EDD122DB2030BFD90046B212 /* Objects.swift in Sources */ = {isa = PBXBuildFile; fileRef = EDD122DA2030BFD90046B212 /* Objects.swift */; };
		EDE465E120277D75009F7275 /* AppDelegate.swift in Sources */ = {isa = PBXBuildFile; fileRef = EDE465E020277D75009F7275 /* AppDelegate.swift */; };
		EDE465E320277D76009F7275 /* GameScene.sks in Resources */ = {isa = PBXBuildFile; fileRef = EDE465E220277D76009F7275 /* GameScene.sks */; };
		EDE465E520277D76009F7275 /* Actions.sks in Resources */ = {isa = PBXBuildFile; fileRef = EDE465E420277D76009F7275 /* Actions.sks */; };
		EDE465E720277D76009F7275 /* GameScene.swift in Sources */ = {isa = PBXBuildFile; fileRef = EDE465E620277D76009F7275 /* GameScene.swift */; };
		EDE465E920277D76009F7275 /* GameViewController.swift in Sources */ = {isa = PBXBuildFile; fileRef = EDE465E820277D76009F7275 /* GameViewController.swift */; };
		EDE465EC20277D76009F7275 /* Main.storyboard in Resources */ = {isa = PBXBuildFile; fileRef = EDE465EA20277D76009F7275 /* Main.storyboard */; };
		EDE465EE20277D76009F7275 /* Assets.xcassets in Resources */ = {isa = PBXBuildFile; fileRef = EDE465ED20277D76009F7275 /* Assets.xcassets */; };
		EDE465F120277D76009F7275 /* LaunchScreen.storyboard in Resources */ = {isa = PBXBuildFile; fileRef = EDE465EF20277D76009F7275 /* LaunchScreen.storyboard */; };
		EDE465F920278494009F7275 /* SecondViewController.swift in Sources */ = {isa = PBXBuildFile; fileRef = EDE465F820278494009F7275 /* SecondViewController.swift */; };
/* End PBXBuildFile section */

/* Begin PBXFileReference section */
		EDD122DA2030BFD90046B212 /* Objects.swift */ = {isa = PBXFileReference; fileEncoding = 4; lastKnownFileType = sourcecode.swift; path = Objects.swift; sourceTree = "<group>"; };
		EDE465DD20277D75009F7275 /* Idle Builder.app */ = {isa = PBXFileReference; explicitFileType = wrapper.application; includeInIndex = 0; path = "Idle Builder.app"; sourceTree = BUILT_PRODUCTS_DIR; };
		EDE465E020277D75009F7275 /* AppDelegate.swift */ = {isa = PBXFileReference; lastKnownFileType = sourcecode.swift; path = AppDelegate.swift; sourceTree = "<group>"; };
		EDE465E220277D76009F7275 /* GameScene.sks */ = {isa = PBXFileReference; lastKnownFileType = file.sks; path = GameScene.sks; sourceTree = "<group>"; };
		EDE465E420277D76009F7275 /* Actions.sks */ = {isa = PBXFileReference; lastKnownFileType = file.sks; path = Actions.sks; sourceTree = "<group>"; };
		EDE465E620277D76009F7275 /* GameScene.swift */ = {isa = PBXFileReference; lastKnownFileType = sourcecode.swift; path = GameScene.swift; sourceTree = "<group>"; };
		EDE465E820277D76009F7275 /* GameViewController.swift */ = {isa = PBXFileReference; lastKnownFileType = sourcecode.swift; path = GameViewController.swift; sourceTree = "<group>"; };
		EDE465EB20277D76009F7275 /* Base */ = {isa = PBXFileReference; lastKnownFileType = file.storyboard; name = Base; path = Base.lproj/Main.storyboard; sourceTree = "<group>"; };
		EDE465ED20277D76009F7275 /* Assets.xcassets */ = {isa = PBXFileReference; lastKnownFileType = folder.assetcatalog; path = Assets.xcassets; sourceTree = "<group>"; };
		EDE465F020277D76009F7275 /* Base */ = {isa = PBXFileReference; lastKnownFileType = file.storyboard; name = Base; path = Base.lproj/LaunchScreen.storyboard; sourceTree = "<group>"; };
		EDE465F220277D76009F7275 /* Info.plist */ = {isa = PBXFileReference; lastKnownFileType = text.plist.xml; path = Info.plist; sourceTree = "<group>"; };
		EDE465F820278494009F7275 /* SecondViewController.swift */ = {isa = PBXFileReference; fileEncoding = 4; lastKnownFileType = sourcecode.swift; path = SecondViewController.swift; sourceTree = "<group>"; };
/* End PBXFileReference section */

/* Begin PBXFrameworksBuildPhase section */
		EDE465DA20277D75009F7275 /* Frameworks */ = {
			isa = PBXFrameworksBuildPhase;
			buildActionMask = 2147483647;
			files = (
			);
			runOnlyForDeploymentPostprocessing = 0;
		};
/* End PBXFrameworksBuildPhase section */

/* Begin PBXGroup section */
		EDE465D420277D75009F7275 = {
			isa = PBXGroup;
			children = (
				EDE465DF20277D75009F7275 /* Idle Builder */,
				EDE465DE20277D75009F7275 /* Products */,
			);
			sourceTree = "<group>";
		};
		EDE465DE20277D75009F7275 /* Products */ = {
			isa = PBXGroup;
			children = (
				EDE465DD20277D75009F7275 /* Idle Builder.app */,
			);
			name = Products;
			sourceTree = "<group>";
		};
		EDE465DF20277D75009F7275 /* Idle Builder */ = {
			isa = PBXGroup;
			children = (
				EDE465E020277D75009F7275 /* AppDelegate.swift */,
				EDE465E220277D76009F7275 /* GameScene.sks */,
				EDE465E420277D76009F7275 /* Actions.sks */,
				EDE465E620277D76009F7275 /* GameScene.swift */,
				EDD122DA2030BFD90046B212 /* Objects.swift */,
				EDE465E820277D76009F7275 /* GameViewController.swift */,
				EDE465F820278494009F7275 /* SecondViewController.swift */,
				EDE465EA20277D76009F7275 /* Main.storyboard */,
				EDE465ED20277D76009F7275 /* Assets.xcassets */,
				EDE465EF20277D76009F7275 /* LaunchScreen.storyboard */,
				EDE465F220277D76009F7275 /* Info.plist */,
			);
			path = "Idle Builder";
			sourceTree = "<group>";
		};
/* End PBXGroup section */

/* Begin PBXNativeTarget section */
		EDE465DC20277D75009F7275 /* Idle Builder */ = {
			isa = PBXNativeTarget;
			buildConfigurationList = EDE465F520277D76009F7275 /* Build configuration list for PBXNativeTarget "Idle Builder" */;
			buildPhases = (
				EDE465D920277D75009F7275 /* Sources */,
				EDE465DA20277D75009F7275 /* Frameworks */,
				EDE465DB20277D75009F7275 /* Resources */,
			);
			buildRules = (
			);
			dependencies = (
			);
			name = "Idle Builder";
			productName = "Idle Builder";
			productReference = EDE465DD20277D75009F7275 /* Idle Builder.app */;
			productType = "com.apple.product-type.application";
		};
/* End PBXNativeTarget section */

/* Begin PBXProject section */
		EDE465D520277D75009F7275 /* Project object */ = {
			isa = PBXProject;
			attributes = {
				LastSwiftUpdateCheck = 0820;
				LastUpgradeCheck = 0820;
				ORGANIZATIONNAME = "Lembck, Michael";
				TargetAttributes = {
					EDE465DC20277D75009F7275 = {
						CreatedOnToolsVersion = 8.2.1;
						DevelopmentTeam = 33EP58Y49J;
						ProvisioningStyle = Automatic;
					};
				};
			};
			buildConfigurationList = EDE465D820277D75009F7275 /* Build configuration list for PBXProject "Idle Builder" */;
			compatibilityVersion = "Xcode 3.2";
			developmentRegion = English;
			hasScannedForEncodings = 0;
			knownRegions = (
				en,
				Base,
			);
			mainGroup = EDE465D420277D75009F7275;
			productRefGroup = EDE465DE20277D75009F7275 /* Products */;
			projectDirPath = "";
			projectRoot = "";
			targets = (
				EDE465DC20277D75009F7275 /* Idle Builder */,
			);
		};
/* End PBXProject section */

/* Begin PBXResourcesBuildPhase section */
		EDE465DB20277D75009F7275 /* Resources */ = {
			isa = PBXResourcesBuildPhase;
			buildActionMask = 2147483647;
			files = (
				EDE465EC20277D76009F7275 /* Main.storyboard in Resources */,
				EDE465E320277D76009F7275 /* GameScene.sks in Resources */,
				EDE465EE20277D76009F7275 /* Assets.xcassets in Resources */,
				EDE465F120277D76009F7275 /* LaunchScreen.storyboard in Resources */,
				EDE465E520277D76009F7275 /* Actions.sks in Resources */,
			);
			runOnlyForDeploymentPostprocessing = 0;
		};
/* End PBXResourcesBuildPhase section */

/* Begin PBXSourcesBuildPhase section */
		EDE465D920277D75009F7275 /* Sources */ = {
			isa = PBXSourcesBuildPhase;
			buildActionMask = 2147483647;
			files = (
				EDE465F920278494009F7275 /* SecondViewController.swift in Sources */,
				EDD122DB2030BFD90046B212 /* Objects.swift in Sources */,
				EDE465E720277D76009F7275 /* GameScene.swift in Sources */,
				EDE465E920277D76009F7275 /* GameViewController.swift in Sources */,
				EDE465E120277D75009F7275 /* AppDelegate.swift in Sources */,
			);
			runOnlyForDeploymentPostprocessing = 0;
		};
/* End PBXSourcesBuildPhase section */

/* Begin PBXVariantGroup section */
		EDE465EA20277D76009F7275 /* Main.storyboard */ = {
			isa = PBXVariantGroup;
			children = (
				EDE465EB20277D76009F7275 /* Base */,
			);
			name = Main.storyboard;
			sourceTree = "<group>";
		};
		EDE465EF20277D76009F7275 /* LaunchScreen.storyboard */ = {
			isa = PBXVariantGroup;
			children = (
				EDE465F020277D76009F7275 /* Base */,
			);
			name = LaunchScreen.storyboard;
			sourceTree = "<group>";
		};
/* End PBXVariantGroup section */

/* Begin XCBuildConfiguration section */
		EDE465F320277D76009F7275 /* Debug */ = {
			isa = XCBuildConfiguration;
			buildSettings = {
				ALWAYS_SEARCH_USER_PATHS = NO;
				CLANG_ANALYZER_NONNULL = YES;
				CLANG_CXX_LANGUAGE_STANDARD = "gnu++0x";
				CLANG_CXX_LIBRARY = "libc++";
				CLANG_ENABLE_MODULES = YES;
				CLANG_ENABLE_OBJC_ARC = YES;
				CLANG_WARN_BOOL_CONVERSION = YES;
				CLANG_WARN_CONSTANT_CONVERSION = YES;
				CLANG_WARN_DIRECT_OBJC_ISA_USAGE = YES_ERROR;
				CLANG_WARN_DOCUMENTATION_COMMENTS = YES;
				CLANG_WARN_EMPTY_BODY = YES;
				CLANG_WARN_ENUM_CONVERSION = YES;
				CLANG_WARN_INFINITE_RECURSION = YES;
				CLANG_WARN_INT_CONVERSION = YES;
				CLANG_WARN_OBJC_ROOT_CLASS = YES_ERROR;
				CLANG_WARN_SUSPICIOUS_MOVE = YES;
				CLANG_WARN_UNREACHABLE_CODE = YES;
				CLANG_WARN__DUPLICATE_METHOD_MATCH = YES;
				"CODE_SIGN_IDENTITY[sdk=iphoneos*]" = "iPhone Developer";
				COPY_PHASE_STRIP = NO;
				DEBUG_INFORMATION_FORMAT = dwarf;
				ENABLE_STRICT_OBJC_MSGSEND = YES;
				ENABLE_TESTABILITY = YES;
				GCC_C_LANGUAGE_STANDARD = gnu99;
				GCC_DYNAMIC_NO_PIC = NO;
				GCC_NO_COMMON_BLOCKS = YES;
				GCC_OPTIMIZATION_LEVEL = 0;
				GCC_PREPROCESSOR_DEFINITIONS = (
					"DEBUG=1",
					"$(inherited)",
				);
				GCC_WARN_64_TO_32_BIT_CONVERSION = YES;
				GCC_WARN_ABOUT_RETURN_TYPE = YES_ERROR;
				GCC_WARN_UNDECLARED_SELECTOR = YES;
				GCC_WARN_UNINITIALIZED_AUTOS = YES_AGGRESSIVE;
				GCC_WARN_UNUSED_FUNCTION = YES;
				GCC_WARN_UNUSED_VARIABLE = YES;
				IPHONEOS_DEPLOYMENT_TARGET = 10.2;
				MTL_ENABLE_DEBUG_INFO = YES;
				ONLY_ACTIVE_ARCH = YES;
				SDKROOT = iphoneos;
				SWIFT_ACTIVE_COMPILATION_CONDITIONS = DEBUG;
				SWIFT_OPTIMIZATION_LEVEL = "-Onone";
				TARGETED_DEVICE_FAMILY = "1,2";
			};
			name = Debug;
		};
		EDE465F420277D76009F7275 /* Release */ = {
			isa = XCBuildConfiguration;
			buildSettings = {
				ALWAYS_SEARCH_USER_PATHS = NO;
				CLANG_ANALYZER_NONNULL = YES;
				CLANG_CXX_LANGUAGE_STANDARD = "gnu++0x";
				CLANG_CXX_LIBRARY = "libc++";
				CLANG_ENABLE_MODULES = YES;
				CLANG_ENABLE_OBJC_ARC = YES;
				CLANG_WARN_BOOL_CONVERSION = YES;
				CLANG_WARN_CONSTANT_CONVERSION = YES;
				CLANG_WARN_DIRECT_OBJC_ISA_USAGE = YES_ERROR;
				CLANG_WARN_DOCUMENTATION_COMMENTS = YES;
				CLANG_WARN_EMPTY_BODY = YES;
				CLANG_WARN_ENUM_CONVERSION = YES;
				CLANG_WARN_INFINITE_RECURSION = YES;
				CLANG_WARN_INT_CONVERSION = YES;
				CLANG_WARN_OBJC_ROOT_CLASS = YES_ERROR;
				CLANG_WARN_SUSPICIOUS_MOVE = YES;
				CLANG_WARN_UNREACHABLE_CODE = YES;
				CLANG_WARN__DUPLICATE_METHOD_MATCH = YES;
				"CODE_SIGN_IDENTITY[sdk=iphoneos*]" = "iPhone Developer";
				COPY_PHASE_STRIP = NO;
				DEBUG_INFORMATION_FORMAT = "dwarf-with-dsym";
				ENABLE_NS_ASSERTIONS = NO;
				ENABLE_STRICT_OBJC_MSGSEND = YES;
				GCC_C_LANGUAGE_STANDARD = gnu99;
				GCC_NO_COMMON_BLOCKS = YES;
				GCC_WARN_64_TO_32_BIT_CONVERSION = YES;
				GCC_WARN_ABOUT_RETURN_TYPE = YES_ERROR;
				GCC_WARN_UNDECLARED_SELECTOR = YES;
				GCC_WARN_UNINITIALIZED_AUTOS = YES_AGGRESSIVE;
				GCC_WARN_UNUSED_FUNCTION = YES;
				GCC_WARN_UNUSED_VARIABLE = YES;
				IPHONEOS_DEPLOYMENT_TARGET = 10.2;
				MTL_ENABLE_DEBUG_INFO = NO;
				SDKROOT = iphoneos;
				SWIFT_OPTIMIZATION_LEVEL = "-Owholemodule";
				TARGETED_DEVICE_FAMILY = "1,2";
				VALIDATE_PRODUCT = YES;
			};
			name = Release;
		};
		EDE465F620277D76009F7275 /* Debug */ = {
			isa = XCBuildConfiguration;
			buildSettings = {
				ASSETCATALOG_COMPILER_APPICON_NAME = AppIcon;
				DEVELOPMENT_TEAM = 33EP58Y49J;
				INFOPLIST_FILE = "Idle Builder/Info.plist";
				LD_RUNPATH_SEARCH_PATHS = "$(inherited) @executable_path/Frameworks";
				PRODUCT_BUNDLE_IDENTIFIER = "com.lembck.Idle-Builder";
				PRODUCT_NAME = "$(TARGET_NAME)";
				SWIFT_VERSION = 3.0;
				TARGETED_DEVICE_FAMILY = "1,2";
			};
			name = Debug;
		};
		EDE465F720277D76009F7275 /* Release */ = {
			isa = XCBuildConfiguration;
			buildSettings = {
				ASSETCATALOG_COMPILER_APPICON_NAME = AppIcon;
				DEVELOPMENT_TEAM = 33EP58Y49J;
				INFOPLIST_FILE = "Idle Builder/Info.plist";
				LD_RUNPATH_SEARCH_PATHS = "$(inherited) @executable_path/Frameworks";
				PRODUCT_BUNDLE_IDENTIFIER = "com.lembck.Idle-Builder";
				PRODUCT_NAME = "$(TARGET_NAME)";
				SWIFT_VERSION = 3.0;
				TARGETED_DEVICE_FAMILY = "1,2";
			};
			name = Release;
		};
/* End XCBuildConfiguration section */

/* Begin XCConfigurationList section */
		EDE465D820277D75009F7275 /* Build configuration list for PBXProject "Idle Builder" */ = {
			isa = XCConfigurationList;
			buildConfigurations = (
				EDE465F320277D76009F7275 /* Debug */,
				EDE465F420277D76009F7275 /* Release */,
			);
			defaultConfigurationIsVisible = 0;
			defaultConfigurationName = Release;
		};
		EDE465F520277D76009F7275 /* Build configuration list for PBXNativeTarget "Idle Builder" */ = {
			isa = XCConfigurationList;
			buildConfigurations = (
				EDE465F620277D76009F7275 /* Debug */,
				EDE465F720277D76009F7275 /* Release */,
			);
			defaultConfigurationIsVisible = 0;
			defaultConfigurationName = Release;
		};
/* End XCConfigurationList section */
	};
	rootObject = EDE465D520277D75009F7275 /* Project object */;
}
